// !$*UTF8*$!
{
	archiveVersion = 1;
	classes = {
	};
	objectVersion = 46;
	objects = {

/* Begin PBXBuildFile section */
		BA308D321DC4E1ED0054CE2D /* AppDelegate.swift in Sources */ = {isa = PBXBuildFile; fileRef = BA308D311DC4E1ED0054CE2D /* AppDelegate.swift */; };
		BA308D341DC4E1ED0054CE2D /* ViewController.swift in Sources */ = {isa = PBXBuildFile; fileRef = BA308D331DC4E1ED0054CE2D /* ViewController.swift */; };
		BA308D371DC4E1ED0054CE2D /* Main.storyboard in Resources */ = {isa = PBXBuildFile; fileRef = BA308D351DC4E1ED0054CE2D /* Main.storyboard */; };
		BA308D3A1DC4E1ED0054CE2D /* weather.xcdatamodeld in Sources */ = {isa = PBXBuildFile; fileRef = BA308D381DC4E1ED0054CE2D /* weather.xcdatamodeld */; };
		BA308D3C1DC4E1ED0054CE2D /* Assets.xcassets in Resources */ = {isa = PBXBuildFile; fileRef = BA308D3B1DC4E1ED0054CE2D /* Assets.xcassets */; };
		BA308D3F1DC4E1ED0054CE2D /* LaunchScreen.storyboard in Resources */ = {isa = PBXBuildFile; fileRef = BA308D3D1DC4E1ED0054CE2D /* LaunchScreen.storyboard */; };
		BA308D4A1DC4E1ED0054CE2D /* weatherTests.swift in Sources */ = {isa = PBXBuildFile; fileRef = BA308D491DC4E1ED0054CE2D /* weatherTests.swift */; };
		BA308D551DC4E1EE0054CE2D /* weatherUITests.swift in Sources */ = {isa = PBXBuildFile; fileRef = BA308D541DC4E1EE0054CE2D /* weatherUITests.swift */; };
		BA308D631DC4E2E70054CE2D /* XMLParser.swift in Sources */ = {isa = PBXBuildFile; fileRef = BA308D621DC4E2E70054CE2D /* XMLParser.swift */; };
/* End PBXBuildFile section */

/* Begin PBXContainerItemProxy section */
		BA308D461DC4E1ED0054CE2D /* PBXContainerItemProxy */ = {
			isa = PBXContainerItemProxy;
			containerPortal = BA308D261DC4E1ED0054CE2D /* Project object */;
			proxyType = 1;
			remoteGlobalIDString = BA308D2D1DC4E1ED0054CE2D;
			remoteInfo = weather;
		};
		BA308D511DC4E1EE0054CE2D /* PBXContainerItemProxy */ = {
			isa = PBXContainerItemProxy;
			containerPortal = BA308D261DC4E1ED0054CE2D /* Project object */;
			proxyType = 1;
			remoteGlobalIDString = BA308D2D1DC4E1ED0054CE2D;
			remoteInfo = weather;
		};
/* End PBXContainerItemProxy section */

/* Begin PBXFileReference section */
		BA308D2E1DC4E1ED0054CE2D /* weather.app */ = {isa = PBXFileReference; explicitFileType = wrapper.application; includeInIndex = 0; path = weather.app; sourceTree = BUILT_PRODUCTS_DIR; };
		BA308D311DC4E1ED0054CE2D /* AppDelegate.swift */ = {isa = PBXFileReference; lastKnownFileType = sourcecode.swift; path = AppDelegate.swift; sourceTree = "<group>"; };
		BA308D331DC4E1ED0054CE2D /* ViewController.swift */ = {isa = PBXFileReference; lastKnownFileType = sourcecode.swift; path = ViewController.swift; sourceTree = "<group>"; };
		BA308D361DC4E1ED0054CE2D /* Base */ = {isa = PBXFileReference; lastKnownFileType = file.storyboard; name = Base; path = Base.lproj/Main.storyboard; sourceTree = "<group>"; };
		BA308D391DC4E1ED0054CE2D /* weather.xcdatamodel */ = {isa = PBXFileReference; lastKnownFileType = wrapper.xcdatamodel; path = weather.xcdatamodel; sourceTree = "<group>"; };
		BA308D3B1DC4E1ED0054CE2D /* Assets.xcassets */ = {isa = PBXFileReference; lastKnownFileType = folder.assetcatalog; path = Assets.xcassets; sourceTree = "<group>"; };
		BA308D3E1DC4E1ED0054CE2D /* Base */ = {isa = PBXFileReference; lastKnownFileType = file.storyboard; name = Base; path = Base.lproj/LaunchScreen.storyboard; sourceTree = "<group>"; };
		BA308D401DC4E1ED0054CE2D /* Info.plist */ = {isa = PBXFileReference; lastKnownFileType = text.plist.xml; path = Info.plist; sourceTree = "<group>"; };
		BA308D451DC4E1ED0054CE2D /* weatherTests.xctest */ = {isa = PBXFileReference; explicitFileType = wrapper.cfbundle; includeInIndex = 0; path = weatherTests.xctest; sourceTree = BUILT_PRODUCTS_DIR; };
		BA308D491DC4E1ED0054CE2D /* weatherTests.swift */ = {isa = PBXFileReference; lastKnownFileType = sourcecode.swift; path = weatherTests.swift; sourceTree = "<group>"; };
		BA308D4B1DC4E1ED0054CE2D /* Info.plist */ = {isa = PBXFileReference; lastKnownFileType = text.plist.xml; path = Info.plist; sourceTree = "<group>"; };
		BA308D501DC4E1EE0054CE2D /* weatherUITests.xctest */ = {isa = PBXFileReference; explicitFileType = wrapper.cfbundle; includeInIndex = 0; path = weatherUITests.xctest; sourceTree = BUILT_PRODUCTS_DIR; };
		BA308D541DC4E1EE0054CE2D /* weatherUITests.swift */ = {isa = PBXFileReference; lastKnownFileType = sourcecode.swift; path = weatherUITests.swift; sourceTree = "<group>"; };
		BA308D561DC4E1EE0054CE2D /* Info.plist */ = {isa = PBXFileReference; lastKnownFileType = text.plist.xml; path = Info.plist; sourceTree = "<group>"; };
		BA308D621DC4E2E70054CE2D /* XMLParser.swift */ = {isa = PBXFileReference; fileEncoding = 4; lastKnownFileType = sourcecode.swift; path = XMLParser.swift; sourceTree = "<group>"; };
/* End PBXFileReference section */

/* Begin PBXFrameworksBuildPhase section */
		BA308D2B1DC4E1ED0054CE2D /* Frameworks */ = {
			isa = PBXFrameworksBuildPhase;
			buildActionMask = 2147483647;
			files = (
			);
			runOnlyForDeploymentPostprocessing = 0;
		};
		BA308D421DC4E1ED0054CE2D /* Frameworks */ = {
			isa = PBXFrameworksBuildPhase;
			buildActionMask = 2147483647;
			files = (
			);
			runOnlyForDeploymentPostprocessing = 0;
		};
		BA308D4D1DC4E1EE0054CE2D /* Frameworks */ = {
			isa = PBXFrameworksBuildPhase;
			buildActionMask = 2147483647;
			files = (
			);
			runOnlyForDeploymentPostprocessing = 0;
		};
/* End PBXFrameworksBuildPhase section */

/* Begin PBXGroup section */
		BA308D251DC4E1ED0054CE2D = {
			isa = PBXGroup;
			children = (
				BA308D301DC4E1ED0054CE2D /* weather */,
				BA308D481DC4E1ED0054CE2D /* weatherTests */,
				BA308D531DC4E1EE0054CE2D /* weatherUITests */,
				BA308D2F1DC4E1ED0054CE2D /* Products */,
			);
			sourceTree = "<group>";
		};
		BA308D2F1DC4E1ED0054CE2D /* Products */ = {
			isa = PBXGroup;
			children = (
				BA308D2E1DC4E1ED0054CE2D /* weather.app */,
				BA308D451DC4E1ED0054CE2D /* weatherTests.xctest */,
				BA308D501DC4E1EE0054CE2D /* weatherUITests.xctest */,
			);
			name = Products;
			sourceTree = "<group>";
		};
		BA308D301DC4E1ED0054CE2D /* weather */ = {
			isa = PBXGroup;
			children = (
				BA308D311DC4E1ED0054CE2D /* AppDelegate.swift */,
				BA308D331DC4E1ED0054CE2D /* ViewController.swift */,
				BA308D621DC4E2E70054CE2D /* XMLParser.swift */,
				BA308D351DC4E1ED0054CE2D /* Main.storyboard */,
				BA308D3B1DC4E1ED0054CE2D /* Assets.xcassets */,
				BA308D3D1DC4E1ED0054CE2D /* LaunchScreen.storyboard */,
				BA308D401DC4E1ED0054CE2D /* Info.plist */,
				BA308D381DC4E1ED0054CE2D /* weather.xcdatamodeld */,
			);
			path = weather;
			sourceTree = "<group>";
		};
		BA308D481DC4E1ED0054CE2D /* weatherTests */ = {
			isa = PBXGroup;
			children = (
				BA308D491DC4E1ED0054CE2D /* weatherTests.swift */,
				BA308D4B1DC4E1ED0054CE2D /* Info.plist */,
			);
			path = weatherTests;
			sourceTree = "<group>";
		};
		BA308D531DC4E1EE0054CE2D /* weatherUITests */ = {
			isa = PBXGroup;
			children = (
				BA308D541DC4E1EE0054CE2D /* weatherUITests.swift */,
				BA308D561DC4E1EE0054CE2D /* Info.plist */,
			);
			path = weatherUITests;
			sourceTree = "<group>";
		};
/* End PBXGroup section */

/* Begin PBXNativeTarget section */
		BA308D2D1DC4E1ED0054CE2D /* weather */ = {
			isa = PBXNativeTarget;
			buildConfigurationList = BA308D591DC4E1EE0054CE2D /* Build configuration list for PBXNativeTarget "weather" */;
			buildPhases = (
				BA308D2A1DC4E1ED0054CE2D /* Sources */,
				BA308D2B1DC4E1ED0054CE2D /* Frameworks */,
				BA308D2C1DC4E1ED0054CE2D /* Resources */,
			);
			buildRules = (
			);
			dependencies = (
			);
			name = weather;
			productName = weather;
			productReference = BA308D2E1DC4E1ED0054CE2D /* weather.app */;
			productType = "com.apple.product-type.application";
		};
		BA308D441DC4E1ED0054CE2D /* weatherTests */ = {
			isa = PBXNativeTarget;
			buildConfigurationList = BA308D5C1DC4E1EE0054CE2D /* Build configuration list for PBXNativeTarget "weatherTests" */;
			buildPhases = (
				BA308D411DC4E1ED0054CE2D /* Sources */,
				BA308D421DC4E1ED0054CE2D /* Frameworks */,
				BA308D431DC4E1ED0054CE2D /* Resources */,
			);
			buildRules = (
			);
			dependencies = (
				BA308D471DC4E1ED0054CE2D /* PBXTargetDependency */,
			);
			name = weatherTests;
			productName = weatherTests;
			productReference = BA308D451DC4E1ED0054CE2D /* weatherTests.xctest */;
			productType = "com.apple.product-type.bundle.unit-test";
		};
		BA308D4F1DC4E1EE0054CE2D /* weatherUITests */ = {
			isa = PBXNativeTarget;
			buildConfigurationList = BA308D5F1DC4E1EE0054CE2D /* Build configuration list for PBXNativeTarget "weatherUITests" */;
			buildPhases = (
				BA308D4C1DC4E1EE0054CE2D /* Sources */,
				BA308D4D1DC4E1EE0054CE2D /* Frameworks */,
				BA308D4E1DC4E1EE0054CE2D /* Resources */,
			);
			buildRules = (
			);
			dependencies = (
				BA308D521DC4E1EE0054CE2D /* PBXTargetDependency */,
			);
			name = weatherUITests;
			productName = weatherUITests;
			productReference = BA308D501DC4E1EE0054CE2D /* weatherUITests.xctest */;
			productType = "com.apple.product-type.bundle.ui-testing";
		};
/* End PBXNativeTarget section */

/* Begin PBXProject section */
		BA308D261DC4E1ED0054CE2D /* Project object */ = {
			isa = PBXProject;
			attributes = {
				LastSwiftUpdateCheck = 0730;
				LastUpgradeCheck = 0730;
				TargetAttributes = {
					BA308D2D1DC4E1ED0054CE2D = {
						CreatedOnToolsVersion = 7.3.1;
					};
					BA308D441DC4E1ED0054CE2D = {
						CreatedOnToolsVersion = 7.3.1;
						TestTargetID = BA308D2D1DC4E1ED0054CE2D;
					};
					BA308D4F1DC4E1EE0054CE2D = {
						CreatedOnToolsVersion = 7.3.1;
						TestTargetID = BA308D2D1DC4E1ED0054CE2D;
					};
				};
			};
			buildConfigurationList = BA308D291DC4E1ED0054CE2D /* Build configuration list for PBXProject "weather" */;
			compatibilityVersion = "Xcode 3.2";
			developmentRegion = English;
			hasScannedForEncodings = 0;
			knownRegions = (
				en,
				Base,
			);
			mainGroup = BA308D251DC4E1ED0054CE2D;
			productRefGroup = BA308D2F1DC4E1ED0054CE2D /* Products */;
			projectDirPath = "";
			projectRoot = "";
			targets = (
				BA308D2D1DC4E1ED0054CE2D /* weather */,
				BA308D441DC4E1ED0054CE2D /* weatherTests */,
				BA308D4F1DC4E1EE0054CE2D /* weatherUITests */,
			);
		};
/* End PBXProject section */

/* Begin PBXResourcesBuildPhase section */
		BA308D2C1DC4E1ED0054CE2D /* Resources */ = {
			isa = PBXResourcesBuildPhase;
			buildActionMask = 2147483647;
			files = (
				BA308D3F1DC4E1ED0054CE2D /* LaunchScreen.storyboard in Resources */,
				BA308D3C1DC4E1ED0054CE2D /* Assets.xcassets in Resources */,
				BA308D371DC4E1ED0054CE2D /* Main.storyboard in Resources */,
			);
			runOnlyForDeploymentPostprocessing = 0;
		};
		BA308D431DC4E1ED0054CE2D /* Resources */ = {
			isa = PBXResourcesBuildPhase;
			buildActionMask = 2147483647;
			files = (
			);
			runOnlyForDeploymentPostprocessing = 0;
		};
		BA308D4E1DC4E1EE0054CE2D /* Resources */ = {
			isa = PBXResourcesBuildPhase;
			buildActionMask = 2147483647;
			files = (
			);
			runOnlyForDeploymentPostprocessing = 0;
		};
/* End PBXResourcesBuildPhase section */

/* Begin PBXSourcesBuildPhase section */
		BA308D2A1DC4E1ED0054CE2D /* Sources */ = {
			isa = PBXSourcesBuildPhase;
			buildActionMask = 2147483647;
			files = (
				BA308D631DC4E2E70054CE2D /* XMLParser.swift in Sources */,
				BA308D3A1DC4E1ED0054CE2D /* weather.xcdatamodeld in Sources */,
				BA308D341DC4E1ED0054CE2D /* ViewController.swift in Sources */,
				BA308D321DC4E1ED0054CE2D /* AppDelegate.swift in Sources */,
			);
			runOnlyForDeploymentPostprocessing = 0;
		};
		BA308D411DC4E1ED0054CE2D /* Sources */ = {
			isa = PBXSourcesBuildPhase;
			buildActionMask = 2147483647;
			files = (
				BA308D4A1DC4E1ED0054CE2D /* weatherTests.swift in Sources */,
			);
			runOnlyForDeploymentPostprocessing = 0;
		};
		BA308D4C1DC4E1EE0054CE2D /* Sources */ = {
			isa = PBXSourcesBuildPhase;
			buildActionMask = 2147483647;
			files = (
				BA308D551DC4E1EE0054CE2D /* weatherUITests.swift in Sources */,
			);
			runOnlyForDeploymentPostprocessing = 0;
		};
/* End PBXSourcesBuildPhase section */

/* Begin PBXTargetDependency section */
		BA308D471DC4E1ED0054CE2D /* PBXTargetDependency */ = {
			isa = PBXTargetDependency;
			target = BA308D2D1DC4E1ED0054CE2D /* weather */;
			targetProxy = BA308D461DC4E1ED0054CE2D /* PBXContainerItemProxy */;
		};
		BA308D521DC4E1EE0054CE2D /* PBXTargetDependency */ = {
			isa = PBXTargetDependency;
			target = BA308D2D1DC4E1ED0054CE2D /* weather */;
			targetProxy = BA308D511DC4E1EE0054CE2D /* PBXContainerItemProxy */;
		};
/* End PBXTargetDependency section */

/* Begin PBXVariantGroup section */
		BA308D351DC4E1ED0054CE2D /* Main.storyboard */ = {
			isa = PBXVariantGroup;
			children = (
				BA308D361DC4E1ED0054CE2D /* Base */,
			);
			name = Main.storyboard;
			sourceTree = "<group>";
		};
		BA308D3D1DC4E1ED0054CE2D /* LaunchScreen.storyboard */ = {
			isa = PBXVariantGroup;
			children = (
				BA308D3E1DC4E1ED0054CE2D /* Base */,
			);
			name = LaunchScreen.storyboard;
			sourceTree = "<group>";
		};
/* End PBXVariantGroup section */

/* Begin XCBuildConfiguration section */
		BA308D571DC4E1EE0054CE2D /* Debug */ = {
			isa = XCBuildConfiguration;
			buildSettings = {
				ALWAYS_SEARCH_USER_PATHS = NO;
				CLANG_ANALYZER_NONNULL = YES;
				CLANG_CXX_LANGUAGE_STANDARD = "gnu++0x";
				CLANG_CXX_LIBRARY = "libc++";
				CLANG_ENABLE_MODULES = YES;
				CLANG_ENABLE_OBJC_ARC = YES;
				CLANG_WARN_BOOL_CONVERSION = YES;
				CLANG_WARN_CONSTANT_CONVERSION = YES;
				CLANG_WARN_DIRECT_OBJC_ISA_USAGE = YES_ERROR;
				CLANG_WARN_EMPTY_BODY = YES;
				CLANG_WARN_ENUM_CONVERSION = YES;
				CLANG_WARN_INT_CONVERSION = YES;
				CLANG_WARN_OBJC_ROOT_CLASS = YES_ERROR;
				CLANG_WARN_UNREACHABLE_CODE = YES;
				CLANG_WARN__DUPLICATE_METHOD_MATCH = YES;
				"CODE_SIGN_IDENTITY[sdk=iphoneos*]" = "iPhone Developer";
				COPY_PHASE_STRIP = NO;
				DEBUG_INFORMATION_FORMAT = dwarf;
				ENABLE_STRICT_OBJC_MSGSEND = YES;
				ENABLE_TESTABILITY = YES;
				GCC_C_LANGUAGE_STANDARD = gnu99;
				GCC_DYNAMIC_NO_PIC = NO;
				GCC_NO_COMMON_BLOCKS = YES;
				GCC_OPTIMIZATION_LEVEL = 0;
				GCC_PREPROCESSOR_DEFINITIONS = (
					"DEBUG=1",
					"$(inherited)",
				);
				GCC_WARN_64_TO_32_BIT_CONVERSION = YES;
				GCC_WARN_ABOUT_RETURN_TYPE = YES_ERROR;
				GCC_WARN_UNDECLARED_SELECTOR = YES;
				GCC_WARN_UNINITIALIZED_AUTOS = YES_AGGRESSIVE;
				GCC_WARN_UNUSED_FUNCTION = YES;
				GCC_WARN_UNUSED_VARIABLE = YES;
				IPHONEOS_DEPLOYMENT_TARGET = 9.3;
				MTL_ENABLE_DEBUG_INFO = YES;
				ONLY_ACTIVE_ARCH = YES;
				SDKROOT = iphoneos;
				SWIFT_OPTIMIZATION_LEVEL = "-Onone";
				TARGETED_DEVICE_FAMILY = "1,2";
			};
			name = Debug;
		};
		BA308D581DC4E1EE0054CE2D /* Release */ = {
			isa = XCBuildConfiguration;
			buildSettings = {
				ALWAYS_SEARCH_USER_PATHS = NO;
				CLANG_ANALYZER_NONNULL = YES;
				CLANG_CXX_LANGUAGE_STANDARD = "gnu++0x";
				CLANG_CXX_LIBRARY = "libc++";
				CLANG_ENABLE_MODULES = YES;
				CLANG_ENABLE_OBJC_ARC = YES;
				CLANG_WARN_BOOL_CONVERSION = YES;
				CLANG_WARN_CONSTANT_CONVERSION = YES;
				CLANG_WARN_DIRECT_OBJC_ISA_USAGE = YES_ERROR;
				CLANG_WARN_EMPTY_BODY = YES;
				CLANG_WARN_ENUM_CONVERSION = YES;
				CLANG_WARN_INT_CONVERSION = YES;
				CLANG_WARN_OBJC_ROOT_CLASS = YES_ERROR;
				CLANG_WARN_UNREACHABLE_CODE = YES;
				CLANG_WARN__DUPLICATE_METHOD_MATCH = YES;
				"CODE_SIGN_IDENTITY[sdk=iphoneos*]" = "iPhone Developer";
				COPY_PHASE_STRIP = NO;
				DEBUG_INFORMATION_FORMAT = "dwarf-with-dsym";
				ENABLE_NS_ASSERTIONS = NO;
				ENABLE_STRICT_OBJC_MSGSEND = YES;
				GCC_C_LANGUAGE_STANDARD = gnu99;
				GCC_NO_COMMON_BLOCKS = YES;
				GCC_WARN_64_TO_32_BIT_CONVERSION = YES;
				GCC_WARN_ABOUT_RETURN_TYPE = YES_ERROR;
				GCC_WARN_UNDECLARED_SELECTOR = YES;
				GCC_WARN_UNINITIALIZED_AUTOS = YES_AGGRESSIVE;
				GCC_WARN_UNUSED_FUNCTION = YES;
				GCC_WARN_UNUSED_VARIABLE = YES;
				IPHONEOS_DEPLOYMENT_TARGET = 9.3;
				MTL_ENABLE_DEBUG_INFO = NO;
				SDKROOT = iphoneos;
				TARGETED_DEVICE_FAMILY = "1,2";
				VALIDATE_PRODUCT = YES;
			};
			name = Release;
		};
		BA308D5A1DC4E1EE0054CE2D /* Debug */ = {
			isa = XCBuildConfiguration;
			buildSettings = {
				ASSETCATALOG_COMPILER_APPICON_NAME = AppIcon;
				INFOPLIST_FILE = weather/Info.plist;
				LD_RUNPATH_SEARCH_PATHS = "$(inherited) @executable_path/Frameworks";
				PRODUCT_BUNDLE_IDENTIFIER = xuanyu.weather;
				PRODUCT_NAME = "$(TARGET_NAME)";
				TARGETED_DEVICE_FAMILY = "1,2";
			};
			name = Debug;
		};
		BA308D5B1DC4E1EE0054CE2D /* Release */ = {
			isa = XCBuildConfiguration;
			buildSettings = {
				ASSETCATALOG_COMPILER_APPICON_NAME = AppIcon;
				INFOPLIST_FILE = weather/Info.plist;
				LD_RUNPATH_SEARCH_PATHS = "$(inherited) @executable_path/Frameworks";
				PRODUCT_BUNDLE_IDENTIFIER = xuanyu.weather;
				PRODUCT_NAME = "$(TARGET_NAME)";
				TARGETED_DEVICE_FAMILY = "1,2";
			};
			name = Release;
		};
		BA308D5D1DC4E1EE0054CE2D /* Debug */ = {
			isa = XCBuildConfiguration;
			buildSettings = {
				BUNDLE_LOADER = "$(TEST_HOST)";
				INFOPLIST_FILE = weatherTests/Info.plist;
				LD_RUNPATH_SEARCH_PATHS = "$(inherited) @executable_path/Frameworks @loader_path/Frameworks";
				PRODUCT_BUNDLE_IDENTIFIER = xuanyu.weatherTests;
				PRODUCT_NAME = "$(TARGET_NAME)";
				TEST_HOST = "$(BUILT_PRODUCTS_DIR)/weather.app/weather";
			};
			name = Debug;
		};
		BA308D5E1DC4E1EE0054CE2D /* Release */ = {
			isa = XCBuildConfiguration;
			buildSettings = {
				BUNDLE_LOADER = "$(TEST_HOST)";
				INFOPLIST_FILE = weatherTests/Info.plist;
				LD_RUNPATH_SEARCH_PATHS = "$(inherited) @executable_path/Frameworks @loader_path/Frameworks";
				PRODUCT_BUNDLE_IDENTIFIER = xuanyu.weatherTests;
				PRODUCT_NAME = "$(TARGET_NAME)";
				TEST_HOST = "$(BUILT_PRODUCTS_DIR)/weather.app/weather";
			};
			name = Release;
		};
		BA308D601DC4E1EE0054CE2D /* Debug */ = {
			isa = XCBuildConfiguration;
			buildSettings = {
				INFOPLIST_FILE = weatherUITests/Info.plist;
				LD_RUNPATH_SEARCH_PATHS = "$(inherited) @executable_path/Frameworks @loader_path/Frameworks";
				PRODUCT_BUNDLE_IDENTIFIER = xuanyu.weatherUITests;
				PRODUCT_NAME = "$(TARGET_NAME)";
				TEST_TARGET_NAME = weather;
			};
			name = Debug;
		};
		BA308D611DC4E1EE0054CE2D /* Release */ = {
			isa = XCBuildConfiguration;
			buildSettings = {
				INFOPLIST_FILE = weatherUITests/Info.plist;
				LD_RUNPATH_SEARCH_PATHS = "$(inherited) @executable_path/Frameworks @loader_path/Frameworks";
				PRODUCT_BUNDLE_IDENTIFIER = xuanyu.weatherUITests;
				PRODUCT_NAME = "$(TARGET_NAME)";
				TEST_TARGET_NAME = weather;
			};
			name = Release;
		};
/* End XCBuildConfiguration section */

/* Begin XCConfigurationList section */
		BA308D291DC4E1ED0054CE2D /* Build configuration list for PBXProject "weather" */ = {
			isa = XCConfigurationList;
			buildConfigurations = (
				BA308D571DC4E1EE0054CE2D /* Debug */,
				BA308D581DC4E1EE0054CE2D /* Release */,
			);
			defaultConfigurationIsVisible = 0;
			defaultConfigurationName = Release;
		};
		BA308D591DC4E1EE0054CE2D /* Build configuration list for PBXNativeTarget "weather" */ = {
			isa = XCConfigurationList;
			buildConfigurations = (
				BA308D5A1DC4E1EE0054CE2D /* Debug */,
				BA308D5B1DC4E1EE0054CE2D /* Release */,
			);
			defaultConfigurationIsVisible = 0;
		};
		BA308D5C1DC4E1EE0054CE2D /* Build configuration list for PBXNativeTarget "weatherTests" */ = {
			isa = XCConfigurationList;
			buildConfigurations = (
				BA308D5D1DC4E1EE0054CE2D /* Debug */,
				BA308D5E1DC4E1EE0054CE2D /* Release */,
			);
			defaultConfigurationIsVisible = 0;
		};
		BA308D5F1DC4E1EE0054CE2D /* Build configuration list for PBXNativeTarget "weatherUITests" */ = {
			isa = XCConfigurationList;
			buildConfigurations = (
				BA308D601DC4E1EE0054CE2D /* Debug */,
				BA308D611DC4E1EE0054CE2D /* Release */,
			);
			defaultConfigurationIsVisible = 0;
		};
/* End XCConfigurationList section */

/* Begin XCVersionGroup section */
		BA308D381DC4E1ED0054CE2D /* weather.xcdatamodeld */ = {
			isa = XCVersionGroup;
			children = (
				BA308D391DC4E1ED0054CE2D /* weather.xcdatamodel */,
			);
			currentVersion = BA308D391DC4E1ED0054CE2D /* weather.xcdatamodel */;
			path = weather.xcdatamodeld;
			sourceTree = "<group>";
			versionGroupType = wrapper.xcdatamodel;
		};
/* End XCVersionGroup section */
	};
	rootObject = BA308D261DC4E1ED0054CE2D /* Project object */;
}
